
Microsoft Visual Studio Solution File, Format Version 12.00
# Visual Studio Version 17
VisualStudioVersion = 17.4.33403.182
MinimumVisualStudioVersion = 10.0.40219.1
Project("{FAE04EC0-301F-11D3-BF4B-00C04F79EFBC}") = "SampleWebApp", "SampleWebApp.csproj", "{FB5EAC8D-4C74-403B-8BFA-3F3DC1E6ED8C}"
EndProject
Global
	GlobalSection(SolutionConfigurationPlatforms) = preSolution
		Debug|Any CPU = Debug|Any CPU
		Release|Any CPU = Release|Any CPU
	EndGlobalSection
	GlobalSection(ProjectConfigurationPlatforms) = postSolution
		{FB5EAC8D-4C74-403B-8BFA-3F3DC1E6ED8C}.Debug|Any CPU.ActiveCfg = Debug|Any CPU
		{FB5EAC8D-4C74-403B-8BFA-3F3DC1E6ED8C}.Debug|Any CPU.Build.0 = Debug|Any CPU
		{FB5EAC8D-4C74-403B-8BFA-3F3DC1E6ED8C}.Release|Any CPU.ActiveCfg = Release|Any CPU
		{FB5EAC8D-4C74-403B-8BFA-3F3DC1E6ED8C}.Release|Any CPU.Build.0 = Release|Any CPU
	EndGlobalSection
	GlobalSection(SolutionProperties) = preSolution
		HideSolutionNode = FALSE
	EndGlobalSection
	GlobalSection(ExtensibilityGlobals) = postSolution
		SolutionGuid = {374FEFEB-27DF-43C5-8E91-98B7C0A08F92}
	EndGlobalSection
EndGlobal
