
Microsoft Visual Studio Solution File, Format Version 12.00
# Visual Studio Version 17
VisualStudioVersion = 17.4.33403.182
MinimumVisualStudioVersion = 10.0.40219.1
Project("{FAE04EC0-301F-11D3-BF4B-00C04F79EFBC}") = "EmptyWebApp1", "EmptyWebApp1.csproj", "{5C681CF2-04A5-4476-BAEA-C8570439DA78}"
EndProject
Global
	GlobalSection(SolutionConfigurationPlatforms) = preSolution
		Debug|Any CPU = Debug|Any CPU
		Release|Any CPU = Release|Any CPU
	EndGlobalSection
	GlobalSection(ProjectConfigurationPlatforms) = postSolution
		{5C681CF2-04A5-4476-BAEA-C8570439DA78}.Debug|Any CPU.ActiveCfg = Debug|Any CPU
		{5C681CF2-04A5-4476-BAEA-C8570439DA78}.Debug|Any CPU.Build.0 = Debug|Any CPU
		{5C681CF2-04A5-4476-BAEA-C8570439DA78}.Release|Any CPU.ActiveCfg = Release|Any CPU
		{5C681CF2-04A5-4476-BAEA-C8570439DA78}.Release|Any CPU.Build.0 = Release|Any CPU
	EndGlobalSection
	GlobalSection(SolutionProperties) = preSolution
		HideSolutionNode = FALSE
	EndGlobalSection
	GlobalSection(ExtensibilityGlobals) = postSolution
		SolutionGuid = {BDD69619-26EC-4773-8E7E-11625FB3891E}
	EndGlobalSection
EndGlobal
